{
    "_readme": [
        "This file locks the dependencies of your project to a known state",
        "Read more about it at https://getcomposer.org/doc/01-basic-usage.md#installing-dependencies",
        "This file is @generated automatically"
    ],
    "content-hash": "e6ab301424dd0ec6eaa549aae058b7d1",
    "packages": [
        {
            "name": "joseph-montanez/raylib-php-stub",
            "version": "v0.8.2",
            "source": {
                "type": "git",
                "url": "https://github.com/joseph-montanez/RayLib-PHP-Stubs.git",
                "reference": "6939c0b6ba7a7c6acdc24d2563ecd208bbdafcc8"
            },
            "dist": {
                "type": "zip",
                "url": "https://api.github.com/repos/joseph-montanez/RayLib-PHP-Stubs/zipball/6939c0b6ba7a7c6acdc24d2563ecd208bbdafcc8",
                "reference": "6939c0b6ba7a7c6acdc24d2563ecd208bbdafcc8",
                "shasum": ""
            },
            "require": {
                "php": ">=8.0.0"
            },
            "type": "library",
            "notification-url": "https://packagist.org/downloads/",
            "license": [
                "Zlib"
            ],
            "description": "Raylib runtime & extensions header files for PhpStorm",
            "homepage": "https://www.raylib.com",
            "keywords": [
                "autocomplete",
                "code",
                "inference",
                "inspection",
                "jetbrains",
                "phpstorm",
                "raylib",
                "stubs",
                "type"
            ],
            "support": {
                "issues": "https://github.com/joseph-montanez/RayLib-PHP-Stubs/issues",
                "source": "https://github.com/joseph-montanez/RayLib-PHP-Stubs/tree/v0.8.2"
            },
            "time": "2023-08-09T08:13:38+00:00"
        },
        {
            "name": "myclabs/php-enum",
            "version": "1.8.4",
            "source": {
                "type": "git",
                "url": "https://github.com/myclabs/php-enum.git",
                "reference": "a867478eae49c9f59ece437ae7f9506bfaa27483"
            },
            "dist": {
                "type": "zip",
                "url": "https://api.github.com/repos/myclabs/php-enum/zipball/a867478eae49c9f59ece437ae7f9506bfaa27483",
                "reference": "a867478eae49c9f59ece437ae7f9506bfaa27483",
                "shasum": ""
            },
            "require": {
                "ext-json": "*",
                "php": "^7.3 || ^8.0"
            },
            "require-dev": {
                "phpunit/phpunit": "^9.5",
                "squizlabs/php_codesniffer": "1.*",
                "vimeo/psalm": "^4.6.2"
            },
            "type": "library",
            "autoload": {
                "psr-4": {
                    "MyCLabs\\Enum\\": "src/"
                },
                "classmap": [
                    "stubs/Stringable.php"
                ]
            },
            "notification-url": "https://packagist.org/downloads/",
            "license": [
                "MIT"
            ],
            "authors": [
                {
                    "name": "PHP Enum contributors",
                    "homepage": "https://github.com/myclabs/php-enum/graphs/contributors"
                }
            ],
            "description": "PHP Enum implementation",
            "homepage": "http://github.com/myclabs/php-enum",
            "keywords": [
                "enum"
            ],
            "support": {
                "issues": "https://github.com/myclabs/php-enum/issues",
                "source": "https://github.com/myclabs/php-enum/tree/1.8.4"
            },
            "funding": [
                {
                    "url": "https://github.com/mnapoli",
                    "type": "github"
                },
                {
                    "url": "https://tidelift.com/funding/github/packagist/myclabs/php-enum",
                    "type": "tidelift"
                }
            ],
            "time": "2022-08-04T09:53:51+00:00"
        },
        {
            "name": "nubs/random-name-generator",
            "version": "v2.2.0",
            "source": {
                "type": "git",
                "url": "https://github.com/nubs/random-name-generator.git",
                "reference": "50abf24519badc5795a43c831f1d2a1faa45cb77"
            },
            "dist": {
                "type": "zip",
                "url": "https://api.github.com/repos/nubs/random-name-generator/zipball/50abf24519badc5795a43c831f1d2a1faa45cb77",
                "reference": "50abf24519badc5795a43c831f1d2a1faa45cb77",
                "shasum": ""
            },
            "require": {
                "php": "~5.6 || ~7.0 || ~8.0"
            },
            "require-dev": {
                "cinam/randomizer": ">=1.1.1,<2.0",
                "php-coveralls/php-coveralls": "~2.4",
                "phpunit/phpunit": "^5.0 || ^6.5 || ^7.0 || ^9.0",
                "squizlabs/php_codesniffer": "~2.3"
            },
            "type": "library",
            "autoload": {
                "psr-4": {
                    "Nubs\\RandomNameGenerator\\": "src"
                }
            },
            "notification-url": "https://packagist.org/downloads/",
            "license": [
                "MIT"
            ],
            "authors": [
                {
                    "name": "Spencer Rinehart",
                    "email": "anubis@overthemonkey.com",
                    "role": "Developer"
                }
            ],
            "description": "A library to create interesting, sometimes entertaining, random names.",
            "keywords": [
                "alliteration",
                "generator",
                "random",
                "video game"
            ],
            "support": {
                "issues": "https://github.com/nubs/random-name-generator/issues",
                "source": "https://github.com/nubs/random-name-generator/tree/v2.2.0"
            },
            "time": "2021-01-12T13:46:08+00:00"
        }
    ],
    "packages-dev": [],
    "aliases": [],
    "minimum-stability": "stable",
    "stability-flags": [],
    "prefer-stable": false,
    "prefer-lowest": false,
    "platform": {
        "php": "^8.1.10",
        "ext-raylib": "*"
    },
    "platform-dev": [],
    "plugin-api-version": "2.3.0"
}
